
Microsoft Visual Studio Solution File, Format Version 12.00
# Visual Studio Version 17
VisualStudioVersion = 17.10.35013.160
MinimumVisualStudioVersion = 10.0.40219.1
Project("{FAE04EC0-301F-11D3-BF4B-00C04F79EFBC}") = "Umur", "Umur\Umur.csproj", "{BAA9DF4C-05A4-4912-BDD1-7F8524E3BCF0}"
EndProject
Project("{FAE04EC0-301F-11D3-BF4B-00C04F79EFBC}") = "Lingkaran", "Lingkaran\Lingkaran.csproj", "{0D14B93E-9A97-4ACF-83BE-733765FC055B}"
EndProject
Project("{FAE04EC0-301F-11D3-BF4B-00C04F79EFBC}") = "variablevariety", "variablevariety\variablevariety.csproj", "{B75AC53E-9015-47B2-A62D-4D62F6D3D904}"
EndProject
Project("{FAE04EC0-301F-11D3-BF4B-00C04F79EFBC}") = "ClockWork", "ClockWork\ClockWork.csproj", "{28B9D003-986F-4FAF-A5F4-71A79078B879}"
EndProject
Project("{FAE04EC0-301F-11D3-BF4B-00C04F79EFBC}") = "Gacha", "Gacha\Gacha.csproj", "{F9BECED9-8B21-4282-8653-1154FF29937F}"
EndProject
Global
	GlobalSection(SolutionConfigurationPlatforms) = preSolution
		Debug|Any CPU = Debug|Any CPU
		Release|Any CPU = Release|Any CPU
	EndGlobalSection
	GlobalSection(ProjectConfigurationPlatforms) = postSolution
		{BAA9DF4C-05A4-4912-BDD1-7F8524E3BCF0}.Debug|Any CPU.ActiveCfg = Debug|Any CPU
		{BAA9DF4C-05A4-4912-BDD1-7F8524E3BCF0}.Debug|Any CPU.Build.0 = Debug|Any CPU
		{BAA9DF4C-05A4-4912-BDD1-7F8524E3BCF0}.Release|Any CPU.ActiveCfg = Release|Any CPU
		{BAA9DF4C-05A4-4912-BDD1-7F8524E3BCF0}.Release|Any CPU.Build.0 = Release|Any CPU
		{0D14B93E-9A97-4ACF-83BE-733765FC055B}.Debug|Any CPU.ActiveCfg = Debug|Any CPU
		{0D14B93E-9A97-4ACF-83BE-733765FC055B}.Debug|Any CPU.Build.0 = Debug|Any CPU
		{0D14B93E-9A97-4ACF-83BE-733765FC055B}.Release|Any CPU.ActiveCfg = Release|Any CPU
		{0D14B93E-9A97-4ACF-83BE-733765FC055B}.Release|Any CPU.Build.0 = Release|Any CPU
		{B75AC53E-9015-47B2-A62D-4D62F6D3D904}.Debug|Any CPU.ActiveCfg = Debug|Any CPU
		{B75AC53E-9015-47B2-A62D-4D62F6D3D904}.Debug|Any CPU.Build.0 = Debug|Any CPU
		{B75AC53E-9015-47B2-A62D-4D62F6D3D904}.Release|Any CPU.ActiveCfg = Release|Any CPU
		{B75AC53E-9015-47B2-A62D-4D62F6D3D904}.Release|Any CPU.Build.0 = Release|Any CPU
		{28B9D003-986F-4FAF-A5F4-71A79078B879}.Debug|Any CPU.ActiveCfg = Debug|Any CPU
		{28B9D003-986F-4FAF-A5F4-71A79078B879}.Debug|Any CPU.Build.0 = Debug|Any CPU
		{28B9D003-986F-4FAF-A5F4-71A79078B879}.Release|Any CPU.ActiveCfg = Release|Any CPU
		{28B9D003-986F-4FAF-A5F4-71A79078B879}.Release|Any CPU.Build.0 = Release|Any CPU
		{F9BECED9-8B21-4282-8653-1154FF29937F}.Debug|Any CPU.ActiveCfg = Debug|Any CPU
		{F9BECED9-8B21-4282-8653-1154FF29937F}.Debug|Any CPU.Build.0 = Debug|Any CPU
		{F9BECED9-8B21-4282-8653-1154FF29937F}.Release|Any CPU.ActiveCfg = Release|Any CPU
		{F9BECED9-8B21-4282-8653-1154FF29937F}.Release|Any CPU.Build.0 = Release|Any CPU
	EndGlobalSection
	GlobalSection(SolutionProperties) = preSolution
		HideSolutionNode = FALSE
	EndGlobalSection
	GlobalSection(ExtensibilityGlobals) = postSolution
		SolutionGuid = {FB341AB5-0469-413D-83EB-6F01F77DD3AC}
	EndGlobalSection
EndGlobal
